# THIS IS AN AUTOGENERATED FILE. DO NOT EDIT THIS FILE DIRECTLY.
# yarn lockfile v1


"@types/bootstrap@^4.1.1":
  version "4.1.1"
  resolved "https://registry.yarnpkg.com/@types/bootstrap/-/bootstrap-4.1.1.tgz#bcdc955bde84c8df61be563b57d4de10e359b172"
  dependencies:
    "@types/jquery" "*"
    popper.js "^1.14.1"

"@types/jquery@*", "@types/jquery@^3.3.4":
  version "3.3.4"
  resolved "https://registry.yarnpkg.com/@types/jquery/-/jquery-3.3.4.tgz#f1850fb9a70041a14ace4f81a7ed782db8548317"

popper.js@^1.14.1:
  version "1.14.3"
  resolved "https://registry.yarnpkg.com/popper.js/-/popper.js-1.14.3.tgz#1438f98d046acf7b4d78cd502bf418ac64d4f095"
